// !$*UTF8*$!
{
	archiveVersion = 1;
	classes = {
	};
	objectVersion = 56;
	objects = {

/* Begin PBXBuildFile section */
		C0AF8079299AA25F000E8B1C /* ViewFTRApp.swift in Sources */ = {isa = PBXBuildFile; fileRef = C0AF8078299AA25F000E8B1C /* ViewFTRApp.swift */; };
		C0AF807B299AA25F000E8B1C /* ContentView.swift in Sources */ = {isa = PBXBuildFile; fileRef = C0AF807A299AA25F000E8B1C /* ContentView.swift */; };
		C0AF807D299AA260000E8B1C /* Assets.xcassets in Resources */ = {isa = PBXBuildFile; fileRef = C0AF807C299AA260000E8B1C /* Assets.xcassets */; };
		C0AF8080299AA260000E8B1C /* Preview Assets.xcassets in Resources */ = {isa = PBXBuildFile; fileRef = C0AF807F299AA260000E8B1C /* Preview Assets.xcassets */; };
		C0AF8082299AA260000E8B1C /* Persistence.swift in Sources */ = {isa = PBXBuildFile; fileRef = C0AF8081299AA260000E8B1C /* Persistence.swift */; };
		C0AF8085299AA260000E8B1C /* ViewFTR.xcdatamodeld in Sources */ = {isa = PBXBuildFile; fileRef = C0AF8083299AA260000E8B1C /* ViewFTR.xcdatamodeld */; };
		C0AF808C299AE2C7000E8B1C /* ChibyItemView.swift in Sources */ = {isa = PBXBuildFile; fileRef = C0AF808B299AE2C7000E8B1C /* ChibyItemView.swift */; };
/* End PBXBuildFile section */

/* Begin PBXFileReference section */
		C0AF8075299AA25F000E8B1C /* ViewFTR.app */ = {isa = PBXFileReference; explicitFileType = wrapper.application; includeInIndex = 0; path = ViewFTR.app; sourceTree = BUILT_PRODUCTS_DIR; };
		C0AF8078299AA25F000E8B1C /* ViewFTRApp.swift */ = {isa = PBXFileReference; lastKnownFileType = sourcecode.swift; path = ViewFTRApp.swift; sourceTree = "<group>"; };
		C0AF807A299AA25F000E8B1C /* ContentView.swift */ = {isa = PBXFileReference; lastKnownFileType = sourcecode.swift; path = ContentView.swift; sourceTree = "<group>"; };
		C0AF807C299AA260000E8B1C /* Assets.xcassets */ = {isa = PBXFileReference; lastKnownFileType = folder.assetcatalog; path = Assets.xcassets; sourceTree = "<group>"; };
		C0AF807F299AA260000E8B1C /* Preview Assets.xcassets */ = {isa = PBXFileReference; lastKnownFileType = folder.assetcatalog; path = "Preview Assets.xcassets"; sourceTree = "<group>"; };
		C0AF8081299AA260000E8B1C /* Persistence.swift */ = {isa = PBXFileReference; lastKnownFileType = sourcecode.swift; path = Persistence.swift; sourceTree = "<group>"; };
		C0AF8084299AA260000E8B1C /* ViewFTR.xcdatamodel */ = {isa = PBXFileReference; lastKnownFileType = wrapper.xcdatamodel; path = ViewFTR.xcdatamodel; sourceTree = "<group>"; };
		C0AF808B299AE2C7000E8B1C /* ChibyItemView.swift */ = {isa = PBXFileReference; lastKnownFileType = sourcecode.swift; path = ChibyItemView.swift; sourceTree = "<group>"; };
/* End PBXFileReference section */

/* Begin PBXFrameworksBuildPhase section */
		C0AF8072299AA25F000E8B1C /* Frameworks */ = {
			isa = PBXFrameworksBuildPhase;
			buildActionMask = 2147483647;
			files = (
			);
			runOnlyForDeploymentPostprocessing = 0;
		};
/* End PBXFrameworksBuildPhase section */

/* Begin PBXGroup section */
		C0AF806C299AA25F000E8B1C = {
			isa = PBXGroup;
			children = (
				C0AF8077299AA25F000E8B1C /* ViewFTR */,
				C0AF8076299AA25F000E8B1C /* Products */,
			);
			sourceTree = "<group>";
		};
		C0AF8076299AA25F000E8B1C /* Products */ = {
			isa = PBXGroup;
			children = (
				C0AF8075299AA25F000E8B1C /* ViewFTR.app */,
			);
			name = Products;
			sourceTree = "<group>";
		};
		C0AF8077299AA25F000E8B1C /* ViewFTR */ = {
			isa = PBXGroup;
			children = (
				C0AF808B299AE2C7000E8B1C /* ChibyItemView.swift */,
				C0AF8078299AA25F000E8B1C /* ViewFTRApp.swift */,
				C0AF807A299AA25F000E8B1C /* ContentView.swift */,
				C0AF807C299AA260000E8B1C /* Assets.xcassets */,
				C0AF8081299AA260000E8B1C /* Persistence.swift */,
				C0AF8083299AA260000E8B1C /* ViewFTR.xcdatamodeld */,
				C0AF807E299AA260000E8B1C /* Preview Content */,
			);
			path = ViewFTR;
			sourceTree = "<group>";
		};
		C0AF807E299AA260000E8B1C /* Preview Content */ = {
			isa = PBXGroup;
			children = (
				C0AF807F299AA260000E8B1C /* Preview Assets.xcassets */,
			);
			path = "Preview Content";
			sourceTree = "<group>";
		};
/* End PBXGroup section */

/* Begin PBXNativeTarget section */
		C0AF8074299AA25F000E8B1C /* ViewFTR */ = {
			isa = PBXNativeTarget;
			buildConfigurationList = C0AF8088299AA260000E8B1C /* Build configuration list for PBXNativeTarget "ViewFTR" */;
			buildPhases = (
				C0AF8071299AA25F000E8B1C /* Sources */,
				C0AF8072299AA25F000E8B1C /* Frameworks */,
				C0AF8073299AA25F000E8B1C /* Resources */,
			);
			buildRules = (
			);
			dependencies = (
			);
			name = ViewFTR;
			productName = ViewFTR;
			productReference = C0AF8075299AA25F000E8B1C /* ViewFTR.app */;
			productType = "com.apple.product-type.application";
		};
/* End PBXNativeTarget section */

/* Begin PBXProject section */
		C0AF806D299AA25F000E8B1C /* Project object */ = {
			isa = PBXProject;
			attributes = {
				BuildIndependentTargetsInParallel = 1;
				LastSwiftUpdateCheck = 1420;
				LastUpgradeCheck = 1420;
				TargetAttributes = {
					C0AF8074299AA25F000E8B1C = {
						CreatedOnToolsVersion = 14.2;
					};
				};
			};
			buildConfigurationList = C0AF8070299AA25F000E8B1C /* Build configuration list for PBXProject "ViewFTR" */;
			compatibilityVersion = "Xcode 14.0";
			developmentRegion = en;
			hasScannedForEncodings = 0;
			knownRegions = (
				en,
				Base,
			);
			mainGroup = C0AF806C299AA25F000E8B1C;
			productRefGroup = C0AF8076299AA25F000E8B1C /* Products */;
			projectDirPath = "";
			projectRoot = "";
			targets = (
				C0AF8074299AA25F000E8B1C /* ViewFTR */,
			);
		};
/* End PBXProject section */

/* Begin PBXResourcesBuildPhase section */
		C0AF8073299AA25F000E8B1C /* Resources */ = {
			isa = PBXResourcesBuildPhase;
			buildActionMask = 2147483647;
			files = (
				C0AF8080299AA260000E8B1C /* Preview Assets.xcassets in Resources */,
				C0AF807D299AA260000E8B1C /* Assets.xcassets in Resources */,
			);
			runOnlyForDeploymentPostprocessing = 0;
		};
/* End PBXResourcesBuildPhase section */

/* Begin PBXSourcesBuildPhase section */
		C0AF8071299AA25F000E8B1C /* Sources */ = {
			isa = PBXSourcesBuildPhase;
			buildActionMask = 2147483647;
			files = (
				C0AF808C299AE2C7000E8B1C /* ChibyItemView.swift in Sources */,
				C0AF8082299AA260000E8B1C /* Persistence.swift in Sources */,
				C0AF807B299AA25F000E8B1C /* ContentView.swift in Sources */,
				C0AF8079299AA25F000E8B1C /* ViewFTRApp.swift in Sources */,
				C0AF8085299AA260000E8B1C /* ViewFTR.xcdatamodeld in Sources */,
			);
			runOnlyForDeploymentPostprocessing = 0;
		};
/* End PBXSourcesBuildPhase section */

/* Begin XCBuildConfiguration section */
		C0AF8086299AA260000E8B1C /* Debug */ = {
			isa = XCBuildConfiguration;
			buildSettings = {
				ALWAYS_SEARCH_USER_PATHS = NO;
				CLANG_ANALYZER_NONNULL = YES;
				CLANG_ANALYZER_NUMBER_OBJECT_CONVERSION = YES_AGGRESSIVE;
				CLANG_CXX_LANGUAGE_STANDARD = "gnu++20";
				CLANG_ENABLE_MODULES = YES;
				CLANG_ENABLE_OBJC_ARC = YES;
				CLANG_ENABLE_OBJC_WEAK = YES;
				CLANG_WARN_BLOCK_CAPTURE_AUTORELEASING = YES;
				CLANG_WARN_BOOL_CONVERSION = YES;
				CLANG_WARN_COMMA = YES;
				CLANG_WARN_CONSTANT_CONVERSION = YES;
				CLANG_WARN_DEPRECATED_OBJC_IMPLEMENTATIONS = YES;
				CLANG_WARN_DIRECT_OBJC_ISA_USAGE = YES_ERROR;
				CLANG_WARN_DOCUMENTATION_COMMENTS = YES;
				CLANG_WARN_EMPTY_BODY = YES;
				CLANG_WARN_ENUM_CONVERSION = YES;
				CLANG_WARN_INFINITE_RECURSION = YES;
				CLANG_WARN_INT_CONVERSION = YES;
				CLANG_WARN_NON_LITERAL_NULL_CONVERSION = YES;
				CLANG_WARN_OBJC_IMPLICIT_RETAIN_SELF = YES;
				CLANG_WARN_OBJC_LITERAL_CONVERSION = YES;
				CLANG_WARN_OBJC_ROOT_CLASS = YES_ERROR;
				CLANG_WARN_QUOTED_INCLUDE_IN_FRAMEWORK_HEADER = YES;
				CLANG_WARN_RANGE_LOOP_ANALYSIS = YES;
				CLANG_WARN_STRICT_PROTOTYPES = YES;
				CLANG_WARN_SUSPICIOUS_MOVE = YES;
				CLANG_WARN_UNGUARDED_AVAILABILITY = YES_AGGRESSIVE;
				CLANG_WARN_UNREACHABLE_CODE = YES;
				CLANG_WARN__DUPLICATE_METHOD_MATCH = YES;
				COPY_PHASE_STRIP = NO;
				DEBUG_INFORMATION_FORMAT = dwarf;
				ENABLE_STRICT_OBJC_MSGSEND = YES;
				ENABLE_TESTABILITY = YES;
				GCC_C_LANGUAGE_STANDARD = gnu11;
				GCC_DYNAMIC_NO_PIC = NO;
				GCC_NO_COMMON_BLOCKS = YES;
				GCC_OPTIMIZATION_LEVEL = 0;
				GCC_PREPROCESSOR_DEFINITIONS = (
					"DEBUG=1",
					"$(inherited)",
				);
				GCC_WARN_64_TO_32_BIT_CONVERSION = YES;
				GCC_WARN_ABOUT_RETURN_TYPE = YES_ERROR;
				GCC_WARN_UNDECLARED_SELECTOR = YES;
				GCC_WARN_UNINITIALIZED_AUTOS = YES_AGGRESSIVE;
				GCC_WARN_UNUSED_FUNCTION = YES;
				GCC_WARN_UNUSED_VARIABLE = YES;
				IPHONEOS_DEPLOYMENT_TARGET = 16.2;
				MTL_ENABLE_DEBUG_INFO = INCLUDE_SOURCE;
				MTL_FAST_MATH = YES;
				ONLY_ACTIVE_ARCH = YES;
				SDKROOT = iphoneos;
				SWIFT_ACTIVE_COMPILATION_CONDITIONS = DEBUG;
				SWIFT_OPTIMIZATION_LEVEL = "-Onone";
			};
			name = Debug;
		};
		C0AF8087299AA260000E8B1C /* Release */ = {
			isa = XCBuildConfiguration;
			buildSettings = {
				ALWAYS_SEARCH_USER_PATHS = NO;
				CLANG_ANALYZER_NONNULL = YES;
				CLANG_ANALYZER_NUMBER_OBJECT_CONVERSION = YES_AGGRESSIVE;
				CLANG_CXX_LANGUAGE_STANDARD = "gnu++20";
				CLANG_ENABLE_MODULES = YES;
				CLANG_ENABLE_OBJC_ARC = YES;
				CLANG_ENABLE_OBJC_WEAK = YES;
				CLANG_WARN_BLOCK_CAPTURE_AUTORELEASING = YES;
				CLANG_WARN_BOOL_CONVERSION = YES;
				CLANG_WARN_COMMA = YES;
				CLANG_WARN_CONSTANT_CONVERSION = YES;
				CLANG_WARN_DEPRECATED_OBJC_IMPLEMENTATIONS = YES;
				CLANG_WARN_DIRECT_OBJC_ISA_USAGE = YES_ERROR;
				CLANG_WARN_DOCUMENTATION_COMMENTS = YES;
				CLANG_WARN_EMPTY_BODY = YES;
				CLANG_WARN_ENUM_CONVERSION = YES;
				CLANG_WARN_INFINITE_RECURSION = YES;
				CLANG_WARN_INT_CONVERSION = YES;
				CLANG_WARN_NON_LITERAL_NULL_CONVERSION = YES;
				CLANG_WARN_OBJC_IMPLICIT_RETAIN_SELF = YES;
				CLANG_WARN_OBJC_LITERAL_CONVERSION = YES;
				CLANG_WARN_OBJC_ROOT_CLASS = YES_ERROR;
				CLANG_WARN_QUOTED_INCLUDE_IN_FRAMEWORK_HEADER = YES;
				CLANG_WARN_RANGE_LOOP_ANALYSIS = YES;
				CLANG_WARN_STRICT_PROTOTYPES = YES;
				CLANG_WARN_SUSPICIOUS_MOVE = YES;
				CLANG_WARN_UNGUARDED_AVAILABILITY = YES_AGGRESSIVE;
				CLANG_WARN_UNREACHABLE_CODE = YES;
				CLANG_WARN__DUPLICATE_METHOD_MATCH = YES;
				COPY_PHASE_STRIP = NO;
				DEBUG_INFORMATION_FORMAT = "dwarf-with-dsym";
				ENABLE_NS_ASSERTIONS = NO;
				ENABLE_STRICT_OBJC_MSGSEND = YES;
				GCC_C_LANGUAGE_STANDARD = gnu11;
				GCC_NO_COMMON_BLOCKS = YES;
				GCC_WARN_64_TO_32_BIT_CONVERSION = YES;
				GCC_WARN_ABOUT_RETURN_TYPE = YES_ERROR;
				GCC_WARN_UNDECLARED_SELECTOR = YES;
				GCC_WARN_UNINITIALIZED_AUTOS = YES_AGGRESSIVE;
				GCC_WARN_UNUSED_FUNCTION = YES;
				GCC_WARN_UNUSED_VARIABLE = YES;
				IPHONEOS_DEPLOYMENT_TARGET = 16.2;
				MTL_ENABLE_DEBUG_INFO = NO;
				MTL_FAST_MATH = YES;
				SDKROOT = iphoneos;
				SWIFT_COMPILATION_MODE = wholemodule;
				SWIFT_OPTIMIZATION_LEVEL = "-O";
				VALIDATE_PRODUCT = YES;
			};
			name = Release;
		};
		C0AF8089299AA260000E8B1C /* Debug */ = {
			isa = XCBuildConfiguration;
			buildSettings = {
				ASSETCATALOG_COMPILER_APPICON_NAME = AppIcon;
				ASSETCATALOG_COMPILER_GLOBAL_ACCENT_COLOR_NAME = AccentColor;
				CODE_SIGN_STYLE = Automatic;
				CURRENT_PROJECT_VERSION = 1;
				DEVELOPMENT_ASSET_PATHS = "\"ViewFTR/Preview Content\"";
				DEVELOPMENT_TEAM = B7P5N87PQY;
				ENABLE_PREVIEWS = YES;
				GENERATE_INFOPLIST_FILE = YES;
				INFOPLIST_KEY_UIApplicationSceneManifest_Generation = YES;
				INFOPLIST_KEY_UIApplicationSupportsIndirectInputEvents = YES;
				INFOPLIST_KEY_UILaunchScreen_Generation = YES;
				INFOPLIST_KEY_UISupportedInterfaceOrientations_iPad = "UIInterfaceOrientationPortrait UIInterfaceOrientationPortraitUpsideDown UIInterfaceOrientationLandscapeLeft UIInterfaceOrientationLandscapeRight";
				INFOPLIST_KEY_UISupportedInterfaceOrientations_iPhone = "UIInterfaceOrientationPortrait UIInterfaceOrientationLandscapeLeft UIInterfaceOrientationLandscapeRight";
				IPHONEOS_DEPLOYMENT_TARGET = 14.1;
				LD_RUNPATH_SEARCH_PATHS = (
					"$(inherited)",
					"@executable_path/Frameworks",
				);
				MARKETING_VERSION = 1.0;
				PRODUCT_BUNDLE_IDENTIFIER = Gubershtro.ViewFTR;
				PRODUCT_NAME = "$(TARGET_NAME)";
				SWIFT_EMIT_LOC_STRINGS = YES;
				SWIFT_VERSION = 5.0;
				TARGETED_DEVICE_FAMILY = "1,2";
			};
			name = Debug;
		};
		C0AF808A299AA260000E8B1C /* Release */ = {
			isa = XCBuildConfiguration;
			buildSettings = {
				ASSETCATALOG_COMPILER_APPICON_NAME = AppIcon;
				ASSETCATALOG_COMPILER_GLOBAL_ACCENT_COLOR_NAME = AccentColor;
				CODE_SIGN_STYLE = Automatic;
				CURRENT_PROJECT_VERSION = 1;
				DEVELOPMENT_ASSET_PATHS = "\"ViewFTR/Preview Content\"";
				DEVELOPMENT_TEAM = B7P5N87PQY;
				ENABLE_PREVIEWS = YES;
				GENERATE_INFOPLIST_FILE = YES;
				INFOPLIST_KEY_UIApplicationSceneManifest_Generation = YES;
				INFOPLIST_KEY_UIApplicationSupportsIndirectInputEvents = YES;
				INFOPLIST_KEY_UILaunchScreen_Generation = YES;
				INFOPLIST_KEY_UISupportedInterfaceOrientations_iPad = "UIInterfaceOrientationPortrait UIInterfaceOrientationPortraitUpsideDown UIInterfaceOrientationLandscapeLeft UIInterfaceOrientationLandscapeRight";
				INFOPLIST_KEY_UISupportedInterfaceOrientations_iPhone = "UIInterfaceOrientationPortrait UIInterfaceOrientationLandscapeLeft UIInterfaceOrientationLandscapeRight";
				IPHONEOS_DEPLOYMENT_TARGET = 14.1;
				LD_RUNPATH_SEARCH_PATHS = (
					"$(inherited)",
					"@executable_path/Frameworks",
				);
				MARKETING_VERSION = 1.0;
				PRODUCT_BUNDLE_IDENTIFIER = Gubershtro.ViewFTR;
				PRODUCT_NAME = "$(TARGET_NAME)";
				SWIFT_EMIT_LOC_STRINGS = YES;
				SWIFT_VERSION = 5.0;
				TARGETED_DEVICE_FAMILY = "1,2";
			};
			name = Release;
		};
/* End XCBuildConfiguration section */

/* Begin XCConfigurationList section */
		C0AF8070299AA25F000E8B1C /* Build configuration list for PBXProject "ViewFTR" */ = {
			isa = XCConfigurationList;
			buildConfigurations = (
				C0AF8086299AA260000E8B1C /* Debug */,
				C0AF8087299AA260000E8B1C /* Release */,
			);
			defaultConfigurationIsVisible = 0;
			defaultConfigurationName = Release;
		};
		C0AF8088299AA260000E8B1C /* Build configuration list for PBXNativeTarget "ViewFTR" */ = {
			isa = XCConfigurationList;
			buildConfigurations = (
				C0AF8089299AA260000E8B1C /* Debug */,
				C0AF808A299AA260000E8B1C /* Release */,
			);
			defaultConfigurationIsVisible = 0;
			defaultConfigurationName = Release;
		};
/* End XCConfigurationList section */

/* Begin XCVersionGroup section */
		C0AF8083299AA260000E8B1C /* ViewFTR.xcdatamodeld */ = {
			isa = XCVersionGroup;
			children = (
				C0AF8084299AA260000E8B1C /* ViewFTR.xcdatamodel */,
			);
			currentVersion = C0AF8084299AA260000E8B1C /* ViewFTR.xcdatamodel */;
			path = ViewFTR.xcdatamodeld;
			sourceTree = "<group>";
			versionGroupType = wrapper.xcdatamodel;
		};
/* End XCVersionGroup section */
	};
	rootObject = C0AF806D299AA25F000E8B1C /* Project object */;
}
